
Microsoft Visual Studio Solution File, Format Version 12.00
# Visual Studio 2012
Project("{FAE04EC0-301F-11D3-BF4B-00C04F79EFBC}") = "Project 2 CSE Summmer 14 Seb B", "Project 2 CSE Summmer 14 Seb B\Project 2 CSE Summmer 14 Seb B.csproj", "{327605FE-83D1-4FB5-95F6-66AB3B88AAC6}"
EndProject
Global
	GlobalSection(SolutionConfigurationPlatforms) = preSolution
		Debug|Any CPU = Debug|Any CPU
		Release|Any CPU = Release|Any CPU
	EndGlobalSection
	GlobalSection(ProjectConfigurationPlatforms) = postSolution
		{327605FE-83D1-4FB5-95F6-66AB3B88AAC6}.Debug|Any CPU.ActiveCfg = Debug|Any CPU
		{327605FE-83D1-4FB5-95F6-66AB3B88AAC6}.Debug|Any CPU.Build.0 = Debug|Any CPU
		{327605FE-83D1-4FB5-95F6-66AB3B88AAC6}.Release|Any CPU.ActiveCfg = Release|Any CPU
		{327605FE-83D1-4FB5-95F6-66AB3B88AAC6}.Release|Any CPU.Build.0 = Release|Any CPU
	EndGlobalSection
	GlobalSection(SolutionProperties) = preSolution
		HideSolutionNode = FALSE
	EndGlobalSection
EndGlobal
